#MicroXplorer Configuration settings - do not modify
ADC1.Channel-1\#ChannelRegularConversion=ADC_CHANNEL_0
ADC1.ContinuousConvMode=DISABLE
ADC1.EnableInjectedConversion=DISABLE
ADC1.EnableRegularConversion=ENABLE
ADC1.IPParameters=master,ContinuousConvMode,EnableRegularConversion,EnableInjectedConversion,Rank-1\#ChannelRegularConversion,Channel-1\#ChannelRegularConversion,SamplingTime-1\#ChannelRegularConversion,NbrOfConversionFlag
ADC1.NbrOfConversionFlag=1
ADC1.Rank-1\#ChannelRegularConversion=1
ADC1.SamplingTime-1\#ChannelRegularConversion=ADC_SAMPLETIME_1CYCLE_5
ADC1.master=1
FREERTOS.FootprintOK=true
FREERTOS.IPParameters=Tasks01,configTOTAL_HEAP_SIZE,configTIMER_TASK_STACK_DEPTH,FootprintOK
FREERTOS.Tasks01=defaultTask,24,128,StartDefaultTask,Default,NULL,Dynamic,NULL,NULL
FREERTOS.configTIMER_TASK_STACK_DEPTH=2560
FREERTOS.configTOTAL_HEAP_SIZE=30720
File.Version=6
GPIO.groupedBy=Group By Peripherals
I2C2.ClockSpeed=100000
I2C2.I2C_Mode=I2C_Standard
I2C2.IPParameters=I2C_Mode,ClockSpeed
KeepUserPlacement=false
Mcu.Family=STM32F1
Mcu.IP0=ADC1
Mcu.IP1=FREERTOS
Mcu.IP10=USART1
Mcu.IP11=USART2
Mcu.IP12=USART3
Mcu.IP2=I2C2
Mcu.IP3=NVIC
Mcu.IP4=RCC
Mcu.IP5=SPI1
Mcu.IP6=SPI2
Mcu.IP7=SYS
Mcu.IP8=TIM3
Mcu.IP9=UART4
Mcu.IPNb=13
Mcu.Name=STM32F103V(C-D-E)Tx
Mcu.Package=LQFP100
Mcu.Pin0=PE2
Mcu.Pin1=PE3
Mcu.Pin10=PC2
Mcu.Pin11=PA0-WKUP
Mcu.Pin12=PA2
Mcu.Pin13=PA3
Mcu.Pin14=PC4
Mcu.Pin15=PC5
Mcu.Pin16=PB0
Mcu.Pin17=PB1
Mcu.Pin18=PE14
Mcu.Pin19=PE15
Mcu.Pin2=PE4
Mcu.Pin20=PB10
Mcu.Pin21=PB11
Mcu.Pin22=PB13
Mcu.Pin23=PB14
Mcu.Pin24=PB15
Mcu.Pin25=PD8
Mcu.Pin26=PD9
Mcu.Pin27=PD10
Mcu.Pin28=PD11
Mcu.Pin29=PD12
Mcu.Pin3=PE5
Mcu.Pin30=PD13
Mcu.Pin31=PD14
Mcu.Pin32=PD15
Mcu.Pin33=PC6
Mcu.Pin34=PC7
Mcu.Pin35=PC8
Mcu.Pin36=PC9
Mcu.Pin37=PA8
Mcu.Pin38=PA9
Mcu.Pin39=PA10
Mcu.Pin4=PE6
Mcu.Pin40=PA13
Mcu.Pin41=PA14
Mcu.Pin42=PA15
Mcu.Pin43=PC10
Mcu.Pin44=PC11
Mcu.Pin45=PD5
Mcu.Pin46=PB3
Mcu.Pin47=PB4
Mcu.Pin48=PB5
Mcu.Pin49=PB8
Mcu.Pin5=PC13-TAMPER-RTC
Mcu.Pin50=PB9
Mcu.Pin51=PE0
Mcu.Pin52=VP_FREERTOS_VS_CMSIS_V2
Mcu.Pin53=VP_SYS_VS_tim7
Mcu.Pin6=PC14-OSC32_IN
Mcu.Pin7=PC15-OSC32_OUT
Mcu.Pin8=PC0
Mcu.Pin9=PC1
Mcu.PinsNb=54
Mcu.ThirdPartyNb=0
Mcu.UserConstants=
Mcu.UserName=STM32F103VETx
MxCube.Version=6.0.0
MxDb.Version=DB.6.0.0
NVIC.BusFault_IRQn=true\:0\:0\:false\:false\:true\:false\:false\:false
NVIC.DebugMonitor_IRQn=true\:0\:0\:false\:false\:true\:false\:false\:false
NVIC.ForceEnableDMAVector=true
NVIC.HardFault_IRQn=true\:0\:0\:false\:false\:true\:false\:false\:false
NVIC.MemoryManagement_IRQn=true\:0\:0\:false\:false\:true\:false\:false\:false
NVIC.NonMaskableInt_IRQn=true\:0\:0\:false\:false\:true\:false\:false\:false
NVIC.PendSV_IRQn=true\:0\:0\:false\:false\:false\:false\:false\:false
NVIC.PriorityGroup=NVIC_PRIORITYGROUP_4
NVIC.SVCall_IRQn=true\:0\:0\:false\:false\:false\:false\:false\:false
NVIC.SavedPendsvIrqHandlerGenerated=true
NVIC.SavedSvcallIrqHandlerGenerated=true
NVIC.SavedSystickIrqHandlerGenerated=true
NVIC.SysTick_IRQn=true\:0\:0\:false\:false\:false\:false\:false\:false
NVIC.TIM7_IRQn=true\:0\:0\:false\:false\:true\:false\:false\:true
NVIC.TimeBase=TIM7_IRQn
NVIC.TimeBaseIP=TIM7
NVIC.UART4_IRQn=true\:0\:0\:false\:false\:true\:false\:true\:true
NVIC.USART1_IRQn=true\:0\:0\:false\:false\:true\:false\:true\:true
NVIC.USART2_IRQn=true\:0\:0\:false\:false\:true\:false\:true\:true
NVIC.USART3_IRQn=true\:0\:0\:false\:false\:true\:false\:true\:true
NVIC.UsageFault_IRQn=true\:0\:0\:false\:false\:true\:false\:false\:false
PA0-WKUP.GPIOParameters=GPIO_Label
PA0-WKUP.GPIO_Label=BAT_ADC
PA0-WKUP.Signal=ADCx_IN0
PA10.GPIOParameters=GPIO_PuPd,GPIO_Label
PA10.GPIO_Label=RS485_RXD_MCU
PA10.GPIO_PuPd=GPIO_PULLUP
PA10.Mode=Asynchronous
PA10.Signal=USART1_RX
PA13.Mode=Serial_Wire
PA13.Signal=SYS_JTMS-SWDIO
PA14.Mode=Serial_Wire
PA14.Signal=SYS_JTCK-SWCLK
PA15.GPIOParameters=GPIO_Speed,PinState,GPIO_PuPd,GPIO_Label,GPIO_ModeDefaultOutputPP
PA15.GPIO_Label=ADC_CS
PA15.GPIO_ModeDefaultOutputPP=GPIO_MODE_OUTPUT_PP
PA15.GPIO_PuPd=GPIO_PULLUP
PA15.GPIO_Speed=GPIO_SPEED_FREQ_HIGH
PA15.Locked=true
PA15.PinState=GPIO_PIN_SET
PA15.Signal=GPIO_Output
PA2.GPIOParameters=GPIO_Label
PA2.GPIO_Label=MCU_RS232_TXD
PA2.Locked=true
PA2.Mode=Asynchronous
PA2.Signal=USART2_TX
PA3.GPIOParameters=GPIO_PuPd,GPIO_Label
PA3.GPIO_Label=MCU_RS232_RXD
PA3.GPIO_PuPd=GPIO_PULLUP
PA3.Mode=Asynchronous
PA3.Signal=USART2_RX
PA8.GPIOParameters=GPIO_Speed,PinState,GPIO_PuPd,GPIO_Label,GPIO_ModeDefaultOutputPP
PA8.GPIO_Label=BLE_2FCT
PA8.GPIO_ModeDefaultOutputPP=GPIO_MODE_OUTPUT_OD
PA8.GPIO_PuPd=GPIO_PULLUP
PA8.GPIO_Speed=GPIO_SPEED_FREQ_MEDIUM
PA8.Locked=true
PA8.PinState=GPIO_PIN_SET
PA8.Signal=GPIO_Output
PA9.GPIOParameters=GPIO_Label
PA9.GPIO_Label=RS485_TXD_MCU
PA9.Mode=Asynchronous
PA9.Signal=USART1_TX
PB0.GPIOParameters=GPIO_Speed,PinState,GPIO_PuPd,GPIO_Label,GPIO_ModeDefaultOutputPP
PB0.GPIO_Label=TPIC_RCK
PB0.GPIO_ModeDefaultOutputPP=GPIO_MODE_OUTPUT_PP
PB0.GPIO_PuPd=GPIO_PULLUP
PB0.GPIO_Speed=GPIO_SPEED_FREQ_MEDIUM
PB0.Locked=true
PB0.PinState=GPIO_PIN_SET
PB0.Signal=GPIO_Output
PB1.GPIOParameters=GPIO_Speed,PinState,GPIO_PuPd,GPIO_Label,GPIO_ModeDefaultOutputPP
PB1.GPIO_Label=TPIC_SRCK
PB1.GPIO_ModeDefaultOutputPP=GPIO_MODE_OUTPUT_PP
PB1.GPIO_PuPd=GPIO_PULLUP
PB1.GPIO_Speed=GPIO_SPEED_FREQ_MEDIUM
PB1.Locked=true
PB1.PinState=GPIO_PIN_SET
PB1.Signal=GPIO_Output
PB10.Mode=I2C
PB10.Signal=I2C2_SCL
PB11.Mode=I2C
PB11.Signal=I2C2_SDA
PB13.Locked=true
PB13.Mode=Full_Duplex_Master
PB13.Signal=SPI2_SCK
PB14.Locked=true
PB14.Mode=Full_Duplex_Master
PB14.Signal=SPI2_MISO
PB15.Locked=true
PB15.Mode=Full_Duplex_Master
PB15.Signal=SPI2_MOSI
PB3.Locked=true
PB3.Mode=Full_Duplex_Master
PB3.Signal=SPI1_SCK
PB4.Locked=true
PB4.Mode=Full_Duplex_Master
PB4.Signal=SPI1_MISO
PB5.Locked=true
PB5.Mode=Full_Duplex_Master
PB5.Signal=SPI1_MOSI
PB8.GPIOParameters=GPIO_Speed,PinState,GPIO_PuPd,GPIO_Label,GPIO_ModeDefaultOutputPP
PB8.GPIO_Label=MCU_DAC_LATCH
PB8.GPIO_ModeDefaultOutputPP=GPIO_MODE_OUTPUT_PP
PB8.GPIO_PuPd=GPIO_PULLUP
PB8.GPIO_Speed=GPIO_SPEED_FREQ_MEDIUM
PB8.Locked=true
PB8.PinState=GPIO_PIN_SET
PB8.Signal=GPIO_Output
PB9.GPIOParameters=GPIO_Speed,PinState,GPIO_PuPd,GPIO_Label,GPIO_ModeDefaultOutputPP
PB9.GPIO_Label=MCU_DAC_CLEAR
PB9.GPIO_ModeDefaultOutputPP=GPIO_MODE_OUTPUT_PP
PB9.GPIO_PuPd=GPIO_PULLUP
PB9.GPIO_Speed=GPIO_SPEED_FREQ_MEDIUM
PB9.Locked=true
PB9.PinState=GPIO_PIN_SET
PB9.Signal=GPIO_Output
PC0.GPIOParameters=GPIO_PuPd,GPIO_Label,GPIO_Mode
PC0.GPIO_Label=BAT_STAT1
PC0.GPIO_Mode=GPIO_MODE_INPUT
PC0.GPIO_PuPd=GPIO_PULLUP
PC0.Locked=true
PC0.Signal=GPIO_Input
PC1.GPIOParameters=GPIO_PuPd,GPIO_Label,GPIO_Mode
PC1.GPIO_Label=BAT_PG
PC1.GPIO_Mode=GPIO_MODE_INPUT
PC1.GPIO_PuPd=GPIO_PULLUP
PC1.Locked=true
PC1.Signal=GPIO_Input
PC10.GPIOParameters=GPIO_Label
PC10.GPIO_Label=BLE_RX
PC10.Mode=Asynchronous
PC10.Signal=UART4_TX
PC11.GPIOParameters=GPIO_PuPd,GPIO_Label
PC11.GPIO_Label=BLE_TX
PC11.GPIO_PuPd=GPIO_PULLUP
PC11.Mode=Asynchronous
PC11.Signal=UART4_RX
PC13-TAMPER-RTC.GPIOParameters=GPIO_PuPd,GPIO_Label
PC13-TAMPER-RTC.GPIO_Label=MCU_D6_IN
PC13-TAMPER-RTC.GPIO_PuPd=GPIO_PULLUP
PC13-TAMPER-RTC.Locked=true
PC13-TAMPER-RTC.Signal=GPIO_Input
PC14-OSC32_IN.GPIOParameters=GPIO_PuPd,GPIO_Label
PC14-OSC32_IN.GPIO_Label=MCU_D7_IN
PC14-OSC32_IN.GPIO_PuPd=GPIO_PULLUP
PC14-OSC32_IN.Locked=true
PC14-OSC32_IN.Signal=GPIO_Input
PC15-OSC32_OUT.GPIOParameters=GPIO_PuPd,GPIO_Label
PC15-OSC32_OUT.GPIO_Label=MCU_D8_IN
PC15-OSC32_OUT.GPIO_PuPd=GPIO_PULLUP
PC15-OSC32_OUT.Locked=true
PC15-OSC32_OUT.Signal=GPIO_Input
PC2.GPIOParameters=GPIO_PuPd,GPIO_Label,GPIO_Mode
PC2.GPIO_Label=BAT_STAT2
PC2.GPIO_Mode=GPIO_MODE_INPUT
PC2.GPIO_PuPd=GPIO_PULLUP
PC2.Locked=true
PC2.Signal=GPIO_Input
PC4.GPIOParameters=GPIO_Speed,PinState,GPIO_PuPd,GPIO_Label,GPIO_ModeDefaultOutputPP
PC4.GPIO_Label=TPIC_DATA
PC4.GPIO_ModeDefaultOutputPP=GPIO_MODE_OUTPUT_PP
PC4.GPIO_PuPd=GPIO_PULLUP
PC4.GPIO_Speed=GPIO_SPEED_FREQ_MEDIUM
PC4.Locked=true
PC4.PinState=GPIO_PIN_SET
PC4.Signal=GPIO_Output
PC5.GPIOParameters=GPIO_Speed,PinState,GPIO_PuPd,GPIO_Label,GPIO_ModeDefaultOutputPP
PC5.GPIO_Label=TPIC_SRCLR
PC5.GPIO_ModeDefaultOutputPP=GPIO_MODE_OUTPUT_PP
PC5.GPIO_PuPd=GPIO_PULLUP
PC5.GPIO_Speed=GPIO_SPEED_FREQ_MEDIUM
PC5.Locked=true
PC5.PinState=GPIO_PIN_SET
PC5.Signal=GPIO_Output
PC6.GPIOParameters=GPIO_Label
PC6.GPIO_Label=BEEP_PWM
PC6.Locked=true
PC6.Signal=S_TIM3_CH1
PC7.GPIOParameters=GPIO_Speed,PinState,GPIO_PuPd,GPIO_Label,GPIO_ModeDefaultOutputPP
PC7.GPIO_Label=BLE_WAKE
PC7.GPIO_ModeDefaultOutputPP=GPIO_MODE_OUTPUT_OD
PC7.GPIO_PuPd=GPIO_PULLUP
PC7.GPIO_Speed=GPIO_SPEED_FREQ_MEDIUM
PC7.Locked=true
PC7.PinState=GPIO_PIN_SET
PC7.Signal=GPIO_Output
PC8.GPIOParameters=GPIO_Speed,PinState,GPIO_PuPd,GPIO_Label,GPIO_ModeDefaultOutputPP
PC8.GPIO_Label=BLE_RST
PC8.GPIO_ModeDefaultOutputPP=GPIO_MODE_OUTPUT_OD
PC8.GPIO_PuPd=GPIO_PULLUP
PC8.GPIO_Speed=GPIO_SPEED_FREQ_MEDIUM
PC8.Locked=true
PC8.PinState=GPIO_PIN_SET
PC8.Signal=GPIO_Output
PC9.GPIOParameters=GPIO_PuPd,GPIO_Label
PC9.GPIO_Label=BLE_LINK
PC9.GPIO_PuPd=GPIO_PULLUP
PC9.Locked=true
PC9.Signal=GPIO_Input
PD10.GPIOParameters=GPIO_PuPd,GPIO_Label,GPIO_Mode
PD10.GPIO_Label=LTE_NET_MCU
PD10.GPIO_Mode=GPIO_MODE_INPUT
PD10.GPIO_PuPd=GPIO_PULLUP
PD10.Locked=true
PD10.Signal=GPIO_Input
PD11.GPIOParameters=GPIO_PuPd,GPIO_Label,GPIO_Mode
PD11.GPIO_Label=LTE_WORK_MCU
PD11.GPIO_Mode=GPIO_MODE_INPUT
PD11.GPIO_PuPd=GPIO_PULLUP
PD11.Locked=true
PD11.Signal=GPIO_Input
PD12.GPIOParameters=GPIO_PuPd,GPIO_Label,GPIO_Mode
PD12.GPIO_Label=LTE_LINKB_MCU
PD12.GPIO_Mode=GPIO_MODE_INPUT
PD12.GPIO_PuPd=GPIO_PULLUP
PD12.Locked=true
PD12.Signal=GPIO_Input
PD13.GPIOParameters=GPIO_PuPd,GPIO_Label,GPIO_Mode
PD13.GPIO_Label=LTE_LINKA_MCU
PD13.GPIO_Mode=GPIO_MODE_INPUT
PD13.GPIO_PuPd=GPIO_PULLUP
PD13.Locked=true
PD13.Signal=GPIO_Input
PD14.GPIOParameters=GPIO_Speed,PinState,GPIO_PuPd,GPIO_Label,GPIO_ModeDefaultOutputPP
PD14.GPIO_Label=LTE_RELOAD
PD14.GPIO_ModeDefaultOutputPP=GPIO_MODE_OUTPUT_OD
PD14.GPIO_PuPd=GPIO_PULLUP
PD14.GPIO_Speed=GPIO_SPEED_FREQ_MEDIUM
PD14.Locked=true
PD14.PinState=GPIO_PIN_SET
PD14.Signal=GPIO_Output
PD15.GPIOParameters=GPIO_Speed,PinState,GPIO_PuPd,GPIO_Label,GPIO_ModeDefaultOutputPP
PD15.GPIO_Label=LTE_RST
PD15.GPIO_ModeDefaultOutputPP=GPIO_MODE_OUTPUT_OD
PD15.GPIO_PuPd=GPIO_PULLUP
PD15.GPIO_Speed=GPIO_SPEED_FREQ_MEDIUM
PD15.Locked=true
PD15.PinState=GPIO_PIN_SET
PD15.Signal=GPIO_Output
PD5.GPIOParameters=GPIO_Speed,PinState,GPIO_PuPd,GPIO_Label,GPIO_ModeDefaultOutputPP
PD5.GPIO_Label=SYS_LED
PD5.GPIO_ModeDefaultOutputPP=GPIO_MODE_OUTPUT_OD
PD5.GPIO_PuPd=GPIO_PULLUP
PD5.GPIO_Speed=GPIO_SPEED_FREQ_MEDIUM
PD5.Locked=true
PD5.PinState=GPIO_PIN_SET
PD5.Signal=GPIO_Output
PD8.GPIOParameters=GPIO_Label
PD8.GPIO_Label=LTE_RX
PD8.Mode=Asynchronous
PD8.Signal=USART3_TX
PD9.GPIOParameters=GPIO_PuPd,GPIO_Label
PD9.GPIO_Label=LTE_TX
PD9.GPIO_PuPd=GPIO_PULLUP
PD9.Mode=Asynchronous
PD9.Signal=USART3_RX
PE0.GPIOParameters=GPIO_PuPd,GPIO_Label,GPIO_Mode
PE0.GPIO_Label=MCU_DAC_FAULT
PE0.GPIO_Mode=GPIO_MODE_INPUT
PE0.GPIO_PuPd=GPIO_PULLUP
PE0.Locked=true
PE0.Signal=GPIO_Input
PE14.GPIOParameters=GPIO_PuPd,GPIO_Label,GPIO_Mode
PE14.GPIO_Label=RTC_INT
PE14.GPIO_Mode=GPIO_MODE_INPUT
PE14.GPIO_PuPd=GPIO_PULLUP
PE14.Locked=true
PE14.Signal=GPIO_Input
PE15.GPIOParameters=GPIO_Speed,PinState,GPIO_PuPd,GPIO_Label,GPIO_ModeDefaultOutputPP
PE15.GPIO_Label=LTE_PWR_KEY
PE15.GPIO_ModeDefaultOutputPP=GPIO_MODE_OUTPUT_OD
PE15.GPIO_PuPd=GPIO_PULLUP
PE15.GPIO_Speed=GPIO_SPEED_FREQ_MEDIUM
PE15.Locked=true
PE15.PinState=GPIO_PIN_SET
PE15.Signal=GPIO_Output
PE2.GPIOParameters=GPIO_PuPd,GPIO_Label,GPIO_Mode
PE2.GPIO_Label=MCU_D1_IN
PE2.GPIO_Mode=GPIO_MODE_INPUT
PE2.GPIO_PuPd=GPIO_PULLUP
PE2.Locked=true
PE2.Signal=GPIO_Input
PE3.GPIOParameters=GPIO_PuPd,GPIO_Label,GPIO_Mode
PE3.GPIO_Label=MCU_D2_IN
PE3.GPIO_Mode=GPIO_MODE_INPUT
PE3.GPIO_PuPd=GPIO_PULLUP
PE3.Locked=true
PE3.Signal=GPIO_Input
PE4.GPIOParameters=GPIO_PuPd,GPIO_Label,GPIO_Mode
PE4.GPIO_Label=MCU_D3_IN
PE4.GPIO_Mode=GPIO_MODE_INPUT
PE4.GPIO_PuPd=GPIO_PULLUP
PE4.Locked=true
PE4.Signal=GPIO_Input
PE5.GPIOParameters=GPIO_PuPd,GPIO_Label,GPIO_Mode
PE5.GPIO_Label=MCU_D4_IN
PE5.GPIO_Mode=GPIO_MODE_INPUT
PE5.GPIO_PuPd=GPIO_PULLUP
PE5.Locked=true
PE5.Signal=GPIO_Input
PE6.GPIOParameters=GPIO_PuPd,GPIO_Label,GPIO_Mode
PE6.GPIO_Label=MCU_D5_IN
PE6.GPIO_Mode=GPIO_MODE_INPUT
PE6.GPIO_PuPd=GPIO_PULLUP
PE6.Locked=true
PE6.Signal=GPIO_Input
PinOutPanel.RotationAngle=0
ProjectManager.AskForMigrate=true
ProjectManager.BackupPrevious=false
ProjectManager.CompilerOptimize=6
ProjectManager.ComputerToolchain=false
ProjectManager.CoupleFile=false
ProjectManager.CustomerFirmwarePackage=
ProjectManager.DefaultFWLocation=true
ProjectManager.DeletePrevious=true
ProjectManager.DeviceId=STM32F103VETx
ProjectManager.FirmwarePackage=STM32Cube FW_F1 V1.8.0
ProjectManager.FreePins=false
ProjectManager.HalAssertFull=false
ProjectManager.HeapSize=0x200
ProjectManager.KeepUserCode=true
ProjectManager.LastFirmware=true
ProjectManager.LibraryCopy=0
ProjectManager.MainLocation=Core/Src
ProjectManager.NoMain=false
ProjectManager.PreviousToolchain=
ProjectManager.ProjectBuild=false
ProjectManager.ProjectFileName=myPLC.ioc
ProjectManager.ProjectName=myPLC
ProjectManager.RegisterCallBack=
ProjectManager.StackSize=0x400
ProjectManager.TargetToolchain=MDK-ARM V5.27
ProjectManager.ToolChainLocation=
ProjectManager.UnderRoot=false
ProjectManager.functionlistsort=1-MX_GPIO_Init-GPIO-false-HAL-true,2-SystemClock_Config-RCC-false-HAL-false,3-MX_ADC1_Init-ADC1-false-HAL-true,4-MX_I2C2_Init-I2C2-false-HAL-true,5-MX_UART4_Init-UART4-false-HAL-true,6-MX_USART1_UART_Init-USART1-false-HAL-true,7-MX_USART2_UART_Init-USART2-false-HAL-true,8-MX_USART3_UART_Init-USART3-false-HAL-true,9-MX_TIM3_Init-TIM3-false-HAL-true,10-MX_SPI1_Init-SPI1-false-HAL-true,11-MX_SPI2_Init-SPI2-false-HAL-true
RCC.ADCFreqValue=8000000
RCC.ADCPresc=RCC_ADCPCLK2_DIV8
RCC.AHBFreq_Value=64000000
RCC.APB1CLKDivider=RCC_HCLK_DIV2
RCC.APB1Freq_Value=32000000
RCC.APB1TimFreq_Value=64000000
RCC.APB2Freq_Value=64000000
RCC.APB2TimFreq_Value=64000000
RCC.FCLKCortexFreq_Value=64000000
RCC.FSMCFreq_Value=64000000
RCC.FamilyName=M
RCC.HCLKFreq_Value=64000000
RCC.I2S2Freq_Value=64000000
RCC.I2S3Freq_Value=64000000
RCC.IPParameters=ADCFreqValue,ADCPresc,AHBFreq_Value,APB1CLKDivider,APB1Freq_Value,APB1TimFreq_Value,APB2Freq_Value,APB2TimFreq_Value,FCLKCortexFreq_Value,FSMCFreq_Value,FamilyName,HCLKFreq_Value,I2S2Freq_Value,I2S3Freq_Value,MCOFreq_Value,PLLCLKFreq_Value,PLLMCOFreq_Value,PLLMUL,SDIOFreq_Value,SDIOHCLKDiv2FreqValue,SYSCLKFreq_VALUE,SYSCLKSource,TimSysFreq_Value,USBFreq_Value
RCC.MCOFreq_Value=64000000
RCC.PLLCLKFreq_Value=64000000
RCC.PLLMCOFreq_Value=32000000
RCC.PLLMUL=RCC_PLL_MUL16
RCC.SDIOFreq_Value=64000000
RCC.SDIOHCLKDiv2FreqValue=32000000
RCC.SYSCLKFreq_VALUE=64000000
RCC.SYSCLKSource=RCC_SYSCLKSOURCE_PLLCLK
RCC.TimSysFreq_Value=64000000
RCC.USBFreq_Value=64000000
SH.ADCx_IN0.0=ADC1_IN0,IN0
SH.ADCx_IN0.ConfNb=1
SH.S_TIM3_CH1.0=TIM3_CH1,PWM Generation1 CH1
SH.S_TIM3_CH1.ConfNb=1
SPI1.BaudRatePrescaler=SPI_BAUDRATEPRESCALER_256
SPI1.CLKPhase=SPI_PHASE_2EDGE
SPI1.CalculateBaudRate=250.0 KBits/s
SPI1.Direction=SPI_DIRECTION_2LINES
SPI1.IPParameters=VirtualType,Mode,Direction,BaudRatePrescaler,CalculateBaudRate,CLKPhase
SPI1.Mode=SPI_MODE_MASTER
SPI1.VirtualType=VM_MASTER
SPI2.BaudRatePrescaler=SPI_BAUDRATEPRESCALER_256
SPI2.CalculateBaudRate=125.0 KBits/s
SPI2.Direction=SPI_DIRECTION_2LINES
SPI2.IPParameters=VirtualType,Mode,Direction,CalculateBaudRate,BaudRatePrescaler
SPI2.Mode=SPI_MODE_MASTER
SPI2.VirtualType=VM_MASTER
TIM3.Channel-PWM\ Generation1\ CH1=TIM_CHANNEL_1
TIM3.IPParameters=Channel-PWM Generation1 CH1,OCPolarity_1
TIM3.OCPolarity_1=TIM_OCPOLARITY_HIGH
UART4.IPParameters=VirtualMode
UART4.VirtualMode=Asynchronous
USART1.IPParameters=VirtualMode
USART1.VirtualMode=VM_ASYNC
USART2.IPParameters=VirtualMode
USART2.VirtualMode=VM_ASYNC
USART3.IPParameters=VirtualMode
USART3.VirtualMode=VM_ASYNC
VP_FREERTOS_VS_CMSIS_V2.Mode=CMSIS_V2
VP_FREERTOS_VS_CMSIS_V2.Signal=FREERTOS_VS_CMSIS_V2
VP_SYS_VS_tim7.Mode=TIM7
VP_SYS_VS_tim7.Signal=SYS_VS_tim7
board=custom
